
Microsoft Visual Studio Solution File, Format Version 12.00
# Visual Studio Version 16
VisualStudioVersion = 16.0.31410.357
MinimumVisualStudioVersion = 10.0.40219.1
Project("{FAE04EC0-301F-11D3-BF4B-00C04F79EFBC}") = "Cliente", "Cliente.csproj", "{AAA92922-84DE-4BD8-907D-9DE5DF7CF8D4}"
EndProject
Global
	GlobalSection(SolutionConfigurationPlatforms) = preSolution
		Debug|Any CPU = Debug|Any CPU
		Release|Any CPU = Release|Any CPU
	EndGlobalSection
	GlobalSection(ProjectConfigurationPlatforms) = postSolution
		{AAA92922-84DE-4BD8-907D-9DE5DF7CF8D4}.Debug|Any CPU.ActiveCfg = Debug|Any CPU
		{AAA92922-84DE-4BD8-907D-9DE5DF7CF8D4}.Debug|Any CPU.Build.0 = Debug|Any CPU
		{AAA92922-84DE-4BD8-907D-9DE5DF7CF8D4}.Release|Any CPU.ActiveCfg = Release|Any CPU
		{AAA92922-84DE-4BD8-907D-9DE5DF7CF8D4}.Release|Any CPU.Build.0 = Release|Any CPU
	EndGlobalSection
	GlobalSection(SolutionProperties) = preSolution
		HideSolutionNode = FALSE
	EndGlobalSection
	GlobalSection(ExtensibilityGlobals) = postSolution
		SolutionGuid = {A602116F-54D8-4DC2-B5A8-2543293464E4}
	EndGlobalSection
EndGlobal
